<?xml version="1.0" encoding="utf-8"?>
<Project ToolsVersion="4.0" xmlns="http://schemas.microsoft.com/developer/msbuild/2003">
  <ItemGroup>
    <Filter Include="Source Files">
      <UniqueIdentifier>{4FC737F1-C7A5-4376-A066-2A32D752A2FF}</UniqueIdentifier>
      <Extensions>cpp;c;cc;cxx;c++;cppm;ixx;def;odl;idl;hpj;bat;asm;asmx</Extensions>
    </Filter>
    <Filter Include="Header Files">
      <UniqueIdentifier>{93995380-89BD-4b04-88EB-625FBE52EBFB}</UniqueIdentifier>
      <Extensions>h;hh;hpp;hxx;h++;hm;inl;inc;ipp;xsd</Extensions>
    </Filter>
    <Filter Include="Resource Files">
      <UniqueIdentifier>{67DA6AB6-F800-4c08-8B7A-83BB121AAD01}</UniqueIdentifier>
      <Extensions>rc;ico;cur;bmp;dlg;rc2;rct;bin;rgs;gif;jpg;jpeg;jpe;resx;tiff;tif;png;wav;mfcribbon-ms</Extensions>
    </Filter>
    <Filter Include="Header Files\Cars">
      <UniqueIdentifier>{f221156c-8e78-4ea1-ac6c-de38be6b1807}</UniqueIdentifier>
    </Filter>
    <Filter Include="Source Files\Cars">
      <UniqueIdentifier>{ea30bc3b-dd4b-4c5b-8f6c-ee33e7d1155f}</UniqueIdentifier>
    </Filter>
    <Filter Include="Header Files\CityComponents">
      <UniqueIdentifier>{33b9bb1b-26de-4576-a178-678058ced455}</UniqueIdentifier>
    </Filter>
    <Filter Include="Source Files\CityComponents">
      <UniqueIdentifier>{c4536247-b212-42ba-b252-7849237374a5}</UniqueIdentifier>
    </Filter>
  </ItemGroup>
  <ItemGroup>
    <ClCompile Include="Project_number_one.cpp">
      <Filter>Source Files</Filter>
    </ClCompile>
    <ClCompile Include="Pillar.cpp">
      <Filter>Source Files</Filter>
    </ClCompile>
    <ClCompile Include="Hpillar.cpp">
      <Filter>Source Files</Filter>
    </ClCompile>
    <ClCompile Include="Showroomside.cpp">
      <Filter>Source Files</Filter>
    </ClCompile>
    <ClCompile Include="ShowroomGate.cpp">
      <Filter>Source Files</Filter>
    </ClCompile>
    <ClCompile Include="GlassWindow.cpp">
      <Filter>Source Files</Filter>
    </ClCompile>
    <ClCompile Include="PlusRing3D.cpp">
      <Filter>Source Files</Filter>
    </ClCompile>
    <ClCompile Include="Maherheader.cpp">
      <Filter>Source Files</Filter>
    </ClCompile>
    <ClCompile Include="StageLight.cpp">
      <Filter>Source Files</Filter>
    </ClCompile>
    <ClCompile Include="NeonTube.cpp">
      <Filter>Source Files</Filter>
    </ClCompile>
    <ClCompile Include="SteveModel.cpp">
      <Filter>Source Files</Filter>
    </ClCompile>
    <ClCompile Include="House.cpp">
      <Filter>Source Files</Filter>
    </ClCompile>
    <ClCompile Include="Tree.cpp">
      <Filter>Source Files</Filter>
    </ClCompile>
    <ClCompile Include="BeetleCar.cpp">
      <Filter>Source Files</Filter>
    </ClCompile>
    <ClCompile Include="AbrarCode.cpp">
      <Filter>Source Files</Filter>
    </ClCompile>
    <ClCompile Include="Showroomdoor.cpp">
      <Filter>Source Files</Filter>
    </ClCompile>
    <ClCompile Include="Lake.cpp">
      <Filter>Source Files</Filter>
    </ClCompile>
    <ClCompile Include="PersistentCloud.cpp">
      <Filter>Source Files</Filter>
    </ClCompile>
    <ClCompile Include="StreetLamp.cpp">
      <Filter>Source Files</Filter>
    </ClCompile>
    <ClCompile Include="SaraCode.cpp">
      <Filter>Source Files</Filter>
    </ClCompile>
    <ClCompile Include="NormalCar.cpp">
      <Filter>Source Files</Filter>
    </ClCompile>
    <ClCompile Include="Furniture.cpp">
      <Filter>Source Files</Filter>
    </ClCompile>
    <ClCompile Include="AccessoriesSection.cpp">
      <Filter>Source Files</Filter>
    </ClCompile>
    <ClCompile Include="MonitorScreen.cpp">
      <Filter>Source Files</Filter>
    </ClCompile>
    <ClCompile Include="OfficeDesk.cpp">
      <Filter>Source Files</Filter>
    </ClCompile>
    <ClCompile Include="CameraSphere.cpp">
      <Filter>Source Files</Filter>
    </ClCompile>
    <ClCompile Include="CityMasterPlan.cpp">
      <Filter>Source Files</Filter>
    </ClCompile>
    <ClCompile Include="GlassManager.cpp">
      <Filter>Source Files</Filter>
    </ClCompile>
    <ClCompile Include="Car.cpp">
      <Filter>Source Files\Cars</Filter>
    </ClCompile>
    <ClCompile Include="Garden.cpp">
      <Filter>Source Files</Filter>
    </ClCompile>
    <ClCompile Include="F1Car.cpp">
      <Filter>Source Files</Filter>
    </ClCompile>
    <ClCompile Include="sound.cpp">
      <Filter>Source Files</Filter>
    </ClCompile>
    <ClCompile Include="WoodBuilding.cpp">
      <Filter>Source Files</Filter>
    </ClCompile>
    <ClCompile Include="Model.cpp">
      <Filter>Source Files</Filter>
    </ClCompile>
    <ClCompile Include="Roadway.cpp">
      <Filter>Source Files\CityComponents</Filter>
    </ClCompile>
    <ClCompile Include="Vegetation.cpp">
      <Filter>Source Files\CityComponents</Filter>
    </ClCompile>
    <ClCompile Include="StreetFurniture.cpp">
      <Filter>Source Files\CityComponents</Filter>
    </ClCompile>
    <ClCompile Include="Structures.cpp">
      <Filter>Source Files\CityComponents</Filter>
    </ClCompile>
    <ClCompile Include="City.cpp">
      <Filter>Source Files\CityComponents</Filter>
    </ClCompile>
    <ClCompile Include="Ambulance.cpp">
      <Filter>Source Files\Cars</Filter>
    </ClCompile>
    <ClCompile Include="Taxi.cpp">
      <Filter>Source Files\Cars</Filter>
    </ClCompile>
    <ClCompile Include="SportsCar.cpp">
      <Filter>Source Files\Cars</Filter>
    </ClCompile>
    <ClCompile Include="SUV.cpp">
      <Filter>Source Files\Cars</Filter>
    </ClCompile>
    <ClCompile Include="Sedan.cpp">
      <Filter>Source Files\Cars</Filter>
    </ClCompile>
  </ItemGroup>
  <ItemGroup>
    <ClInclude Include="Pillar.h">
      <Filter>Header Files</Filter>
    </ClInclude>
    <ClInclude Include="Hpillar.h">
      <Filter>Header Files</Filter>
    </ClInclude>
    <ClInclude Include="Showroomside.h">
      <Filter>Header Files</Filter>
    </ClInclude>
    <ClInclude Include="ShowroomGate.h">
      <Filter>Header Files</Filter>
    </ClInclude>
    <ClInclude Include="GlassWindow.h">
      <Filter>Header Files</Filter>
    </ClInclude>
    <ClInclude Include="PlusRing3D.h">
      <Filter>Header Files</Filter>
    </ClInclude>
    <ClInclude Include="Maherheader.h">
      <Filter>Header Files</Filter>
    </ClInclude>
    <ClInclude Include="StageLight.h">
      <Filter>Header Files</Filter>
    </ClInclude>
    <ClInclude Include="NeonTube.h">
      <Filter>Header Files</Filter>
    </ClInclude>
    <ClInclude Include="SteveModel.h">
      <Filter>Header Files</Filter>
    </ClInclude>
    <ClInclude Include="House.h">
      <Filter>Header Files</Filter>
    </ClInclude>
    <ClInclude Include="Tree.h">
      <Filter>Header Files</Filter>
    </ClInclude>
    <ClInclude Include="BeetleCar.h">
      <Filter>Header Files</Filter>
    </ClInclude>
    <ClInclude Include="AbrarCode.h">
      <Filter>Header Files</Filter>
    </ClInclude>
    <ClInclude Include="Showroomdoor.h">
      <Filter>Header Files</Filter>
    </ClInclude>
    <ClInclude Include="lake.h">
      <Filter>Header Files</Filter>
    </ClInclude>
    <ClInclude Include="PersistentCloud.h">
      <Filter>Header Files</Filter>
    </ClInclude>
    <ClInclude Include="RainSystem.h">
      <Filter>Header Files</Filter>
    </ClInclude>
    <ClInclude Include="NormalCar.h">
      <Filter>Header Files</Filter>
    </ClInclude>
    <ClInclude Include="SaraCode.h">
      <Filter>Header Files</Filter>
    </ClInclude>
    <ClInclude Include="Furniture.h">
      <Filter>Header Files</Filter>
    </ClInclude>
    <ClInclude Include="AccessoriesSection.h">
      <Filter>Header Files</Filter>
    </ClInclude>
    <ClInclude Include="MonitorScreen.h">
      <Filter>Header Files</Filter>
    </ClInclude>
    <ClInclude Include="OfficeDesk.h">
      <Filter>Header Files</Filter>
    </ClInclude>
    <ClInclude Include="CameraSphere.h">
      <Filter>Header Files</Filter>
    </ClInclude>
    <ClInclude Include="CityMasterPlan.h">
      <Filter>Header Files</Filter>
    </ClInclude>
    <ClInclude Include="GlassManager.h">
      <Filter>Header Files</Filter>
    </ClInclude>
    <ClInclude Include="StreetLamp.h">
      <Filter>Header Files</Filter>
    </ClInclude>
    <ClInclude Include="Car.h">
      <Filter>Header Files\Cars</Filter>
    </ClInclude>
    <ClInclude Include="Garden.h">
      <Filter>Header Files</Filter>
    </ClInclude>
    <ClInclude Include="F1Car.h">
      <Filter>Header Files</Filter>
    </ClInclude>
    <ClInclude Include="sound.h">
      <Filter>Header Files</Filter>
    </ClInclude>
    <ClInclude Include="WoodBuilding.h">
      <Filter>Header Files</Filter>
    </ClInclude>
    <ClInclude Include="Model.h">
      <Filter>Header Files</Filter>
    </ClInclude>
    <ClInclude Include="Roadway.h">
      <Filter>Header Files\CityComponents</Filter>
    </ClInclude>
    <ClInclude Include="Vegetation.h">
      <Filter>Header Files\CityComponents</Filter>
    </ClInclude>
    <ClInclude Include="StreetFurniture.h">
      <Filter>Header Files\CityComponents</Filter>
    </ClInclude>
    <ClInclude Include="Structures.h">
      <Filter>Header Files\CityComponents</Filter>
    </ClInclude>
    <ClInclude Include="City.h">
      <Filter>Header Files\CityComponents</Filter>
    </ClInclude>
    <ClInclude Include="Sedan.h">
      <Filter>Header Files\Cars</Filter>
    </ClInclude>
    <ClInclude Include="SUV.h">
      <Filter>Header Files\Cars</Filter>
    </ClInclude>
    <ClInclude Include="SportsCar.h">
      <Filter>Header Files\Cars</Filter>
    </ClInclude>
    <ClInclude Include="Taxi.h">
      <Filter>Header Files\Cars</Filter>
    </ClInclude>
    <ClInclude Include="Ambulance.h">
      <Filter>Header Files\Cars</Filter>
    </ClInclude>
  </ItemGroup>
  <ItemGroup>
    <None Include="packages.config" />
  </ItemGroup>
</Project>